
Microsoft Visual Studio Solution File, Format Version 11.00
# Visual Studio 2010
Project("{8BC9CEB8-8B4A-11D0-8D11-00A0C91BC942}") = "WS_CLIENT_3", "WS_CLIENT_3\WS_CLIENT_3.vcxproj", "{178FE46C-B376-4BC0-8BB4-CDCDF98CE56D}"
EndProject
Global
	GlobalSection(SolutionConfigurationPlatforms) = preSolution
		Debug|Win32 = Debug|Win32
		Release|Win32 = Release|Win32
	EndGlobalSection
	GlobalSection(ProjectConfigurationPlatforms) = postSolution
		{178FE46C-B376-4BC0-8BB4-CDCDF98CE56D}.Debug|Win32.ActiveCfg = Debug|Win32
		{178FE46C-B376-4BC0-8BB4-CDCDF98CE56D}.Debug|Win32.Build.0 = Debug|Win32
		{178FE46C-B376-4BC0-8BB4-CDCDF98CE56D}.Release|Win32.ActiveCfg = Release|Win32
		{178FE46C-B376-4BC0-8BB4-CDCDF98CE56D}.Release|Win32.Build.0 = Release|Win32
	EndGlobalSection
	GlobalSection(SolutionProperties) = preSolution
		HideSolutionNode = FALSE
	EndGlobalSection
EndGlobal
